
Microsoft Visual Studio Solution File, Format Version 12.00
# Visual Studio 2013
VisualStudioVersion = 12.0.31101.0
MinimumVisualStudioVersion = 10.0.40219.1
Project("{FAE04EC0-301F-11D3-BF4B-00C04F79EFBC}") = "ChessBotOnline", "ChessBotOnline.csproj", "{1C4B91F6-40EC-4499-B8B6-0113529FCFA6}"
EndProject
Project("{FAE04EC0-301F-11D3-BF4B-00C04F79EFBC}") = "ChessDriver", "ChessDriver\ChessDriver.csproj", "{EF91F5E1-BDA0-4CD6-84E8-E0B5C40062D0}"
EndProject
Global
	GlobalSection(SolutionConfigurationPlatforms) = preSolution
		Debug|Any CPU = Debug|Any CPU
		Release|Any CPU = Release|Any CPU
	EndGlobalSection
	GlobalSection(ProjectConfigurationPlatforms) = postSolution
		{1C4B91F6-40EC-4499-B8B6-0113529FCFA6}.Debug|Any CPU.ActiveCfg = Debug|Any CPU
		{1C4B91F6-40EC-4499-B8B6-0113529FCFA6}.Debug|Any CPU.Build.0 = Debug|Any CPU
		{1C4B91F6-40EC-4499-B8B6-0113529FCFA6}.Release|Any CPU.ActiveCfg = Release|Any CPU
		{1C4B91F6-40EC-4499-B8B6-0113529FCFA6}.Release|Any CPU.Build.0 = Release|Any CPU
		{EF91F5E1-BDA0-4CD6-84E8-E0B5C40062D0}.Debug|Any CPU.ActiveCfg = Debug|Any CPU
		{EF91F5E1-BDA0-4CD6-84E8-E0B5C40062D0}.Debug|Any CPU.Build.0 = Debug|Any CPU
		{EF91F5E1-BDA0-4CD6-84E8-E0B5C40062D0}.Release|Any CPU.ActiveCfg = Release|Any CPU
		{EF91F5E1-BDA0-4CD6-84E8-E0B5C40062D0}.Release|Any CPU.Build.0 = Release|Any CPU
	EndGlobalSection
	GlobalSection(SolutionProperties) = preSolution
		HideSolutionNode = FALSE
	EndGlobalSection
EndGlobal
